// !$*UTF8*$!
{
	archiveVersion = 1;
	classes = {
	};
	objectVersion = 46;
	objects = {

/* Begin PBXBuildFile section */
		232F56FC1EC7396000E6CB7A /* AppDelegate.swift in Sources */ = {isa = PBXBuildFile; fileRef = 232F56FB1EC7396000E6CB7A /* AppDelegate.swift */; };
		232F56FE1EC7396000E6CB7A /* ViewController.swift in Sources */ = {isa = PBXBuildFile; fileRef = 232F56FD1EC7396000E6CB7A /* ViewController.swift */; };
		232F57011EC7396000E6CB7A /* Main.storyboard in Resources */ = {isa = PBXBuildFile; fileRef = 232F56FF1EC7396000E6CB7A /* Main.storyboard */; };
		232F57031EC7396000E6CB7A /* Assets.xcassets in Resources */ = {isa = PBXBuildFile; fileRef = 232F57021EC7396000E6CB7A /* Assets.xcassets */; };
		232F57061EC7396000E6CB7A /* LaunchScreen.storyboard in Resources */ = {isa = PBXBuildFile; fileRef = 232F57041EC7396000E6CB7A /* LaunchScreen.storyboard */; };
		232F57181EC75B2200E6CB7A /* mgpCell.swift in Sources */ = {isa = PBXBuildFile; fileRef = 232F57171EC75B2200E6CB7A /* mgpCell.swift */; };
/* End PBXBuildFile section */

/* Begin PBXFileReference section */
		232F56F81EC7396000E6CB7A /* TelescopeImagery.app */ = {isa = PBXFileReference; explicitFileType = wrapper.application; includeInIndex = 0; path = TelescopeImagery.app; sourceTree = BUILT_PRODUCTS_DIR; };
		232F56FB1EC7396000E6CB7A /* AppDelegate.swift */ = {isa = PBXFileReference; lastKnownFileType = sourcecode.swift; path = AppDelegate.swift; sourceTree = "<group>"; };
		232F56FD1EC7396000E6CB7A /* ViewController.swift */ = {isa = PBXFileReference; lastKnownFileType = sourcecode.swift; path = ViewController.swift; sourceTree = "<group>"; };
		232F57001EC7396000E6CB7A /* Base */ = {isa = PBXFileReference; lastKnownFileType = file.storyboard; name = Base; path = Base.lproj/Main.storyboard; sourceTree = "<group>"; };
		232F57021EC7396000E6CB7A /* Assets.xcassets */ = {isa = PBXFileReference; lastKnownFileType = folder.assetcatalog; path = Assets.xcassets; sourceTree = "<group>"; };
		232F57051EC7396000E6CB7A /* Base */ = {isa = PBXFileReference; lastKnownFileType = file.storyboard; name = Base; path = Base.lproj/LaunchScreen.storyboard; sourceTree = "<group>"; };
		232F57071EC7396000E6CB7A /* Info.plist */ = {isa = PBXFileReference; lastKnownFileType = text.plist.xml; path = Info.plist; sourceTree = "<group>"; };
		232F57171EC75B2200E6CB7A /* mgpCell.swift */ = {isa = PBXFileReference; fileEncoding = 4; lastKnownFileType = sourcecode.swift; path = mgpCell.swift; sourceTree = "<group>"; };
/* End PBXFileReference section */

/* Begin PBXFrameworksBuildPhase section */
		232F56F51EC7396000E6CB7A /* Frameworks */ = {
			isa = PBXFrameworksBuildPhase;
			buildActionMask = 2147483647;
			files = (
			);
			runOnlyForDeploymentPostprocessing = 0;
		};
/* End PBXFrameworksBuildPhase section */

/* Begin PBXGroup section */
		232F56EF1EC7396000E6CB7A = {
			isa = PBXGroup;
			children = (
				232F56FA1EC7396000E6CB7A /* TelescopeImagery */,
				232F56F91EC7396000E6CB7A /* Products */,
			);
			sourceTree = "<group>";
		};
		232F56F91EC7396000E6CB7A /* Products */ = {
			isa = PBXGroup;
			children = (
				232F56F81EC7396000E6CB7A /* TelescopeImagery.app */,
			);
			name = Products;
			sourceTree = "<group>";
		};
		232F56FA1EC7396000E6CB7A /* TelescopeImagery */ = {
			isa = PBXGroup;
			children = (
				232F57171EC75B2200E6CB7A /* mgpCell.swift */,
				232F56FB1EC7396000E6CB7A /* AppDelegate.swift */,
				232F56FD1EC7396000E6CB7A /* ViewController.swift */,
				232F56FF1EC7396000E6CB7A /* Main.storyboard */,
				232F57021EC7396000E6CB7A /* Assets.xcassets */,
				232F57041EC7396000E6CB7A /* LaunchScreen.storyboard */,
				232F57071EC7396000E6CB7A /* Info.plist */,
			);
			path = TelescopeImagery;
			sourceTree = "<group>";
		};
/* End PBXGroup section */

/* Begin PBXNativeTarget section */
		232F56F71EC7396000E6CB7A /* TelescopeImagery */ = {
			isa = PBXNativeTarget;
			buildConfigurationList = 232F570A1EC7396000E6CB7A /* Build configuration list for PBXNativeTarget "TelescopeImagery" */;
			buildPhases = (
				232F56F41EC7396000E6CB7A /* Sources */,
				232F56F51EC7396000E6CB7A /* Frameworks */,
				232F56F61EC7396000E6CB7A /* Resources */,
			);
			buildRules = (
			);
			dependencies = (
			);
			name = TelescopeImagery;
			productName = TelescopeImagery;
			productReference = 232F56F81EC7396000E6CB7A /* TelescopeImagery.app */;
			productType = "com.apple.product-type.application";
		};
/* End PBXNativeTarget section */

/* Begin PBXProject section */
		232F56F01EC7396000E6CB7A /* Project object */ = {
			isa = PBXProject;
			attributes = {
				LastSwiftUpdateCheck = 0830;
				LastUpgradeCheck = 0830;
				ORGANIZATIONNAME = "Jacob Warren";
				TargetAttributes = {
					232F56F71EC7396000E6CB7A = {
						CreatedOnToolsVersion = 8.3.2;
						DevelopmentTeam = GX664HAHVL;
						ProvisioningStyle = Automatic;
					};
				};
			};
			buildConfigurationList = 232F56F31EC7396000E6CB7A /* Build configuration list for PBXProject "TelescopeImagery" */;
			compatibilityVersion = "Xcode 3.2";
			developmentRegion = English;
			hasScannedForEncodings = 0;
			knownRegions = (
				en,
				Base,
			);
			mainGroup = 232F56EF1EC7396000E6CB7A;
			productRefGroup = 232F56F91EC7396000E6CB7A /* Products */;
			projectDirPath = "";
			projectRoot = "";
			targets = (
				232F56F71EC7396000E6CB7A /* TelescopeImagery */,
			);
		};
/* End PBXProject section */

/* Begin PBXResourcesBuildPhase section */
		232F56F61EC7396000E6CB7A /* Resources */ = {
			isa = PBXResourcesBuildPhase;
			buildActionMask = 2147483647;
			files = (
				232F57061EC7396000E6CB7A /* LaunchScreen.storyboard in Resources */,
				232F57031EC7396000E6CB7A /* Assets.xcassets in Resources */,
				232F57011EC7396000E6CB7A /* Main.storyboard in Resources */,
			);
			runOnlyForDeploymentPostprocessing = 0;
		};
/* End PBXResourcesBuildPhase section */

/* Begin PBXSourcesBuildPhase section */
		232F56F41EC7396000E6CB7A /* Sources */ = {
			isa = PBXSourcesBuildPhase;
			buildActionMask = 2147483647;
			files = (
				232F56FE1EC7396000E6CB7A /* ViewController.swift in Sources */,
				232F56FC1EC7396000E6CB7A /* AppDelegate.swift in Sources */,
				232F57181EC75B2200E6CB7A /* mgpCell.swift in Sources */,
			);
			runOnlyForDeploymentPostprocessing = 0;
		};
/* End PBXSourcesBuildPhase section */

/* Begin PBXVariantGroup section */
		232F56FF1EC7396000E6CB7A /* Main.storyboard */ = {
			isa = PBXVariantGroup;
			children = (
				232F57001EC7396000E6CB7A /* Base */,
			);
			name = Main.storyboard;
			sourceTree = "<group>";
		};
		232F57041EC7396000E6CB7A /* LaunchScreen.storyboard */ = {
			isa = PBXVariantGroup;
			children = (
				232F57051EC7396000E6CB7A /* Base */,
			);
			name = LaunchScreen.storyboard;
			sourceTree = "<group>";
		};
/* End PBXVariantGroup section */

/* Begin XCBuildConfiguration section */
		232F57081EC7396000E6CB7A /* Debug */ = {
			isa = XCBuildConfiguration;
			buildSettings = {
				ALWAYS_SEARCH_USER_PATHS = NO;
				CLANG_ANALYZER_NONNULL = YES;
				CLANG_ANALYZER_NUMBER_OBJECT_CONVERSION = YES_AGGRESSIVE;
				CLANG_CXX_LANGUAGE_STANDARD = "gnu++0x";
				CLANG_CXX_LIBRARY = "libc++";
				CLANG_ENABLE_MODULES = YES;
				CLANG_ENABLE_OBJC_ARC = YES;
				CLANG_WARN_BOOL_CONVERSION = YES;
				CLANG_WARN_CONSTANT_CONVERSION = YES;
				CLANG_WARN_DIRECT_OBJC_ISA_USAGE = YES_ERROR;
				CLANG_WARN_DOCUMENTATION_COMMENTS = YES;
				CLANG_WARN_EMPTY_BODY = YES;
				CLANG_WARN_ENUM_CONVERSION = YES;
				CLANG_WARN_INFINITE_RECURSION = YES;
				CLANG_WARN_INT_CONVERSION = YES;
				CLANG_WARN_OBJC_ROOT_CLASS = YES_ERROR;
				CLANG_WARN_SUSPICIOUS_MOVE = YES;
				CLANG_WARN_UNREACHABLE_CODE = YES;
				CLANG_WARN__DUPLICATE_METHOD_MATCH = YES;
				"CODE_SIGN_IDENTITY[sdk=iphoneos*]" = "iPhone Developer";
				COPY_PHASE_STRIP = NO;
				DEBUG_INFORMATION_FORMAT = dwarf;
				ENABLE_STRICT_OBJC_MSGSEND = YES;
				ENABLE_TESTABILITY = YES;
				GCC_C_LANGUAGE_STANDARD = gnu99;
				GCC_DYNAMIC_NO_PIC = NO;
				GCC_NO_COMMON_BLOCKS = YES;
				GCC_OPTIMIZATION_LEVEL = 0;
				GCC_PREPROCESSOR_DEFINITIONS = (
					"DEBUG=1",
					"$(inherited)",
				);
				GCC_WARN_64_TO_32_BIT_CONVERSION = YES;
				GCC_WARN_ABOUT_RETURN_TYPE = YES_ERROR;
				GCC_WARN_UNDECLARED_SELECTOR = YES;
				GCC_WARN_UNINITIALIZED_AUTOS = YES_AGGRESSIVE;
				GCC_WARN_UNUSED_FUNCTION = YES;
				GCC_WARN_UNUSED_VARIABLE = YES;
				IPHONEOS_DEPLOYMENT_TARGET = 10.3;
				MTL_ENABLE_DEBUG_INFO = YES;
				ONLY_ACTIVE_ARCH = YES;
				SDKROOT = iphoneos;
				SWIFT_ACTIVE_COMPILATION_CONDITIONS = DEBUG;
				SWIFT_OPTIMIZATION_LEVEL = "-Onone";
				TARGETED_DEVICE_FAMILY = 2;
			};
			name = Debug;
		};
		232F57091EC7396000E6CB7A /* Release */ = {
			isa = XCBuildConfiguration;
			buildSettings = {
				ALWAYS_SEARCH_USER_PATHS = NO;
				CLANG_ANALYZER_NONNULL = YES;
				CLANG_ANALYZER_NUMBER_OBJECT_CONVERSION = YES_AGGRESSIVE;
				CLANG_CXX_LANGUAGE_STANDARD = "gnu++0x";
				CLANG_CXX_LIBRARY = "libc++";
				CLANG_ENABLE_MODULES = YES;
				CLANG_ENABLE_OBJC_ARC = YES;
				CLANG_WARN_BOOL_CONVERSION = YES;
				CLANG_WARN_CONSTANT_CONVERSION = YES;
				CLANG_WARN_DIRECT_OBJC_ISA_USAGE = YES_ERROR;
				CLANG_WARN_DOCUMENTATION_COMMENTS = YES;
				CLANG_WARN_EMPTY_BODY = YES;
				CLANG_WARN_ENUM_CONVERSION = YES;
				CLANG_WARN_INFINITE_RECURSION = YES;
				CLANG_WARN_INT_CONVERSION = YES;
				CLANG_WARN_OBJC_ROOT_CLASS = YES_ERROR;
				CLANG_WARN_SUSPICIOUS_MOVE = YES;
				CLANG_WARN_UNREACHABLE_CODE = YES;
				CLANG_WARN__DUPLICATE_METHOD_MATCH = YES;
				"CODE_SIGN_IDENTITY[sdk=iphoneos*]" = "iPhone Developer";
				COPY_PHASE_STRIP = NO;
				DEBUG_INFORMATION_FORMAT = "dwarf-with-dsym";
				ENABLE_NS_ASSERTIONS = NO;
				ENABLE_STRICT_OBJC_MSGSEND = YES;
				GCC_C_LANGUAGE_STANDARD = gnu99;
				GCC_NO_COMMON_BLOCKS = YES;
				GCC_WARN_64_TO_32_BIT_CONVERSION = YES;
				GCC_WARN_ABOUT_RETURN_TYPE = YES_ERROR;
				GCC_WARN_UNDECLARED_SELECTOR = YES;
				GCC_WARN_UNINITIALIZED_AUTOS = YES_AGGRESSIVE;
				GCC_WARN_UNUSED_FUNCTION = YES;
				GCC_WARN_UNUSED_VARIABLE = YES;
				IPHONEOS_DEPLOYMENT_TARGET = 10.3;
				MTL_ENABLE_DEBUG_INFO = NO;
				SDKROOT = iphoneos;
				SWIFT_OPTIMIZATION_LEVEL = "-Owholemodule";
				TARGETED_DEVICE_FAMILY = 2;
				VALIDATE_PRODUCT = YES;
			};
			name = Release;
		};
		232F570B1EC7396000E6CB7A /* Debug */ = {
			isa = XCBuildConfiguration;
			buildSettings = {
				ASSETCATALOG_COMPILER_APPICON_NAME = AppIcon;
				DEVELOPMENT_TEAM = GX664HAHVL;
				INFOPLIST_FILE = TelescopeImagery/Info.plist;
				IPHONEOS_DEPLOYMENT_TARGET = 10.1;
				LD_RUNPATH_SEARCH_PATHS = "$(inherited) @executable_path/Frameworks";
				PRODUCT_BUNDLE_IDENTIFIER = com.jw.TelescopeImagery;
				PRODUCT_NAME = "$(TARGET_NAME)";
				SWIFT_VERSION = 3.0;
			};
			name = Debug;
		};
		232F570C1EC7396000E6CB7A /* Release */ = {
			isa = XCBuildConfiguration;
			buildSettings = {
				ASSETCATALOG_COMPILER_APPICON_NAME = AppIcon;
				DEVELOPMENT_TEAM = GX664HAHVL;
				INFOPLIST_FILE = TelescopeImagery/Info.plist;
				IPHONEOS_DEPLOYMENT_TARGET = 10.1;
				LD_RUNPATH_SEARCH_PATHS = "$(inherited) @executable_path/Frameworks";
				PRODUCT_BUNDLE_IDENTIFIER = com.jw.TelescopeImagery;
				PRODUCT_NAME = "$(TARGET_NAME)";
				SWIFT_VERSION = 3.0;
			};
			name = Release;
		};
/* End XCBuildConfiguration section */

/* Begin XCConfigurationList section */
		232F56F31EC7396000E6CB7A /* Build configuration list for PBXProject "TelescopeImagery" */ = {
			isa = XCConfigurationList;
			buildConfigurations = (
				232F57081EC7396000E6CB7A /* Debug */,
				232F57091EC7396000E6CB7A /* Release */,
			);
			defaultConfigurationIsVisible = 0;
			defaultConfigurationName = Release;
		};
		232F570A1EC7396000E6CB7A /* Build configuration list for PBXNativeTarget "TelescopeImagery" */ = {
			isa = XCConfigurationList;
			buildConfigurations = (
				232F570B1EC7396000E6CB7A /* Debug */,
				232F570C1EC7396000E6CB7A /* Release */,
			);
			defaultConfigurationIsVisible = 0;
		};
/* End XCConfigurationList section */
	};
	rootObject = 232F56F01EC7396000E6CB7A /* Project object */;
}
